
Microsoft Visual Studio Solution File, Format Version 12.00
# Visual Studio 15
VisualStudioVersion = 15.0.26430.6
MinimumVisualStudioVersion = 10.0.40219.1
Project("{2150E333-8FDC-42A3-9474-1A3956D46DE8}") = "Others", "Others", "{6A5BD473-C59D-45F2-9B35-1CAE84CD3F85}"
EndProject
Project("{FAE04EC0-301F-11D3-BF4B-00C04F79EFBC}") = "DependencyInjection", "DependencyInjection\DependencyInjection.csproj", "{6D133CAE-DFE7-4E42-921A-4BE44124F9E8}"
EndProject
Project("{2150E333-8FDC-42A3-9474-1A3956D46DE8}") = "CSharrp", "CSharrp", "{825BF97D-9AC6-4A47-9F9C-7826F3A6BA9E}"
EndProject
Project("{FAE04EC0-301F-11D3-BF4B-00C04F79EFBC}") = "DelegateExample", "Others\CSharp\Delegate\DelegateExample\DelegateExample.csproj", "{9F82F741-CBA6-4A1B-9049-686ECF15D851}"
EndProject
Project("{FAE04EC0-301F-11D3-BF4B-00C04F79EFBC}") = "EventExample", "Others\CSharp\EventExample\EventExample.csproj", "{DD6E833B-CE3E-4D5B-A9CE-BFB1C2DF4177}"
EndProject
Global
	GlobalSection(SolutionConfigurationPlatforms) = preSolution
		Debug|Any CPU = Debug|Any CPU
		Release|Any CPU = Release|Any CPU
	EndGlobalSection
	GlobalSection(ProjectConfigurationPlatforms) = postSolution
		{6D133CAE-DFE7-4E42-921A-4BE44124F9E8}.Debug|Any CPU.ActiveCfg = Debug|Any CPU
		{6D133CAE-DFE7-4E42-921A-4BE44124F9E8}.Debug|Any CPU.Build.0 = Debug|Any CPU
		{6D133CAE-DFE7-4E42-921A-4BE44124F9E8}.Release|Any CPU.ActiveCfg = Release|Any CPU
		{6D133CAE-DFE7-4E42-921A-4BE44124F9E8}.Release|Any CPU.Build.0 = Release|Any CPU
		{9F82F741-CBA6-4A1B-9049-686ECF15D851}.Debug|Any CPU.ActiveCfg = Debug|Any CPU
		{9F82F741-CBA6-4A1B-9049-686ECF15D851}.Debug|Any CPU.Build.0 = Debug|Any CPU
		{9F82F741-CBA6-4A1B-9049-686ECF15D851}.Release|Any CPU.ActiveCfg = Release|Any CPU
		{9F82F741-CBA6-4A1B-9049-686ECF15D851}.Release|Any CPU.Build.0 = Release|Any CPU
		{DD6E833B-CE3E-4D5B-A9CE-BFB1C2DF4177}.Debug|Any CPU.ActiveCfg = Debug|Any CPU
		{DD6E833B-CE3E-4D5B-A9CE-BFB1C2DF4177}.Debug|Any CPU.Build.0 = Debug|Any CPU
		{DD6E833B-CE3E-4D5B-A9CE-BFB1C2DF4177}.Release|Any CPU.ActiveCfg = Release|Any CPU
		{DD6E833B-CE3E-4D5B-A9CE-BFB1C2DF4177}.Release|Any CPU.Build.0 = Release|Any CPU
	EndGlobalSection
	GlobalSection(SolutionProperties) = preSolution
		HideSolutionNode = FALSE
	EndGlobalSection
	GlobalSection(NestedProjects) = preSolution
		{6D133CAE-DFE7-4E42-921A-4BE44124F9E8} = {6A5BD473-C59D-45F2-9B35-1CAE84CD3F85}
		{825BF97D-9AC6-4A47-9F9C-7826F3A6BA9E} = {6A5BD473-C59D-45F2-9B35-1CAE84CD3F85}
		{9F82F741-CBA6-4A1B-9049-686ECF15D851} = {825BF97D-9AC6-4A47-9F9C-7826F3A6BA9E}
		{DD6E833B-CE3E-4D5B-A9CE-BFB1C2DF4177} = {825BF97D-9AC6-4A47-9F9C-7826F3A6BA9E}
	EndGlobalSection
EndGlobal
